
Microsoft Visual Studio Solution File, Format Version 12.00
Project("{FAE04EC0-301F-11D3-BF4B-00C04F79EFBC}") = "Blazor", "Blazor\Blazor.csproj", "{489CF526-96D0-4D1C-88E3-49937D15AA33}"
EndProject
Project("{FAE04EC0-301F-11D3-BF4B-00C04F79EFBC}") = "UnitTests", "UnitTests\UnitTests.csproj", "{33E0A3E4-0203-4A31-AC93-C888DB8D98E3}"
EndProject
Global
	GlobalSection(SolutionConfigurationPlatforms) = preSolution
		Debug|Any CPU = Debug|Any CPU
		Release|Any CPU = Release|Any CPU
	EndGlobalSection
	GlobalSection(ProjectConfigurationPlatforms) = postSolution
		{489CF526-96D0-4D1C-88E3-49937D15AA33}.Debug|Any CPU.ActiveCfg = Debug|Any CPU
		{489CF526-96D0-4D1C-88E3-49937D15AA33}.Debug|Any CPU.Build.0 = Debug|Any CPU
		{489CF526-96D0-4D1C-88E3-49937D15AA33}.Release|Any CPU.ActiveCfg = Release|Any CPU
		{489CF526-96D0-4D1C-88E3-49937D15AA33}.Release|Any CPU.Build.0 = Release|Any CPU
		{33E0A3E4-0203-4A31-AC93-C888DB8D98E3}.Debug|Any CPU.ActiveCfg = Debug|Any CPU
		{33E0A3E4-0203-4A31-AC93-C888DB8D98E3}.Debug|Any CPU.Build.0 = Debug|Any CPU
		{33E0A3E4-0203-4A31-AC93-C888DB8D98E3}.Release|Any CPU.ActiveCfg = Release|Any CPU
		{33E0A3E4-0203-4A31-AC93-C888DB8D98E3}.Release|Any CPU.Build.0 = Release|Any CPU
	EndGlobalSection
EndGlobal
